
Microsoft Visual Studio Solution File, Format Version 12.00
# Visual Studio Version 16
VisualStudioVersion = 16.0.30907.101
MinimumVisualStudioVersion = 10.0.40219.1
Project("{FAE04EC0-301F-11D3-BF4B-00C04F79EFBC}") = "REDIT", "REDIT.csproj", "{26F073CA-4BA2-4EAA-AE90-B908A6A731F6}"
EndProject
Global
	GlobalSection(SolutionConfigurationPlatforms) = preSolution
		Debug|Any CPU = Debug|Any CPU
		Release|Any CPU = Release|Any CPU
	EndGlobalSection
	GlobalSection(ProjectConfigurationPlatforms) = postSolution
		{26F073CA-4BA2-4EAA-AE90-B908A6A731F6}.Debug|Any CPU.ActiveCfg = Debug|Any CPU
		{26F073CA-4BA2-4EAA-AE90-B908A6A731F6}.Debug|Any CPU.Build.0 = Debug|Any CPU
		{26F073CA-4BA2-4EAA-AE90-B908A6A731F6}.Release|Any CPU.ActiveCfg = Release|Any CPU
		{26F073CA-4BA2-4EAA-AE90-B908A6A731F6}.Release|Any CPU.Build.0 = Release|Any CPU
	EndGlobalSection
	GlobalSection(SolutionProperties) = preSolution
		HideSolutionNode = FALSE
	EndGlobalSection
	GlobalSection(ExtensibilityGlobals) = postSolution
		SolutionGuid = {74FD7274-7AD1-4BAD-A975-30BAF30F726F}
	EndGlobalSection
EndGlobal
